// !$*UTF8*$!
{
	archiveVersion = 1;
	classes = {
	};
	objectVersion = 46;
	objects = {

/* Begin PBXBuildFile section */
		110097B31BBFB4BE009D7E30 /* PersonDetailViewController.swift in Sources */ = {isa = PBXBuildFile; fileRef = 110097B21BBFB4BE009D7E30 /* PersonDetailViewController.swift */; settings = {ASSET_TAGS = (); }; };
		1154D6B41BB3510B0028D09C /* AppDelegate.swift in Sources */ = {isa = PBXBuildFile; fileRef = 1154D6B31BB3510B0028D09C /* AppDelegate.swift */; };
		1154D6B61BB3510B0028D09C /* ViewControllerHw3.swift in Sources */ = {isa = PBXBuildFile; fileRef = 1154D6B51BB3510B0028D09C /* ViewControllerHw3.swift */; };
		1154D6B91BB3510B0028D09C /* Main.storyboard in Resources */ = {isa = PBXBuildFile; fileRef = 1154D6B71BB3510B0028D09C /* Main.storyboard */; };
		1154D6BB1BB3510B0028D09C /* Assets.xcassets in Resources */ = {isa = PBXBuildFile; fileRef = 1154D6BA1BB3510B0028D09C /* Assets.xcassets */; };
		1154D6BE1BB3510B0028D09C /* LaunchScreen.storyboard in Resources */ = {isa = PBXBuildFile; fileRef = 1154D6BC1BB3510B0028D09C /* LaunchScreen.storyboard */; };
		1154D6C91BB3510B0028D09C /* Roster_App_HW_3Tests.swift in Sources */ = {isa = PBXBuildFile; fileRef = 1154D6C81BB3510B0028D09C /* Roster_App_HW_3Tests.swift */; };
		1154D6D41BB3510B0028D09C /* Roster_App_HW_3UITests.swift in Sources */ = {isa = PBXBuildFile; fileRef = 1154D6D31BB3510B0028D09C /* Roster_App_HW_3UITests.swift */; };
		11985D941BCCC9D2008BF49D /* PersonTableViewCell.swift in Sources */ = {isa = PBXBuildFile; fileRef = 11985D931BCCC9D2008BF49D /* PersonTableViewCell.swift */; settings = {ASSET_TAGS = (); }; };
		11985D9B1BCD5727008BF49D /* placeholder.png in Resources */ = {isa = PBXBuildFile; fileRef = 11985D9A1BCD5727008BF49D /* placeholder.png */; settings = {ASSET_TAGS = (); }; };
		11985D9D1BCD5822008BF49D /* shop-01.jpg in Resources */ = {isa = PBXBuildFile; fileRef = 11985D9C1BCD5822008BF49D /* shop-01.jpg */; settings = {ASSET_TAGS = (); }; };
		11D0985C1BB5113E00817B21 /* ViewControllerHw2.swift in Sources */ = {isa = PBXBuildFile; fileRef = 11D0985B1BB5113E00817B21 /* ViewControllerHw2.swift */; settings = {ASSET_TAGS = (); }; };
		11EEC2EE1BBCA08E00DDDE0D /* ViewControllerHw4.swift in Sources */ = {isa = PBXBuildFile; fileRef = 11EEC2ED1BBCA08E00DDDE0D /* ViewControllerHw4.swift */; settings = {ASSET_TAGS = (); }; };
		11EEC2F01BBCA64C00DDDE0D /* Person.swift in Sources */ = {isa = PBXBuildFile; fileRef = 11EEC2EF1BBCA64C00DDDE0D /* Person.swift */; settings = {ASSET_TAGS = (); }; };
/* End PBXBuildFile section */

/* Begin PBXContainerItemProxy section */
		1154D6C51BB3510B0028D09C /* PBXContainerItemProxy */ = {
			isa = PBXContainerItemProxy;
			containerPortal = 1154D6A81BB3510B0028D09C /* Project object */;
			proxyType = 1;
			remoteGlobalIDString = 1154D6AF1BB3510B0028D09C;
			remoteInfo = "Roster App HW 3";
		};
		1154D6D01BB3510B0028D09C /* PBXContainerItemProxy */ = {
			isa = PBXContainerItemProxy;
			containerPortal = 1154D6A81BB3510B0028D09C /* Project object */;
			proxyType = 1;
			remoteGlobalIDString = 1154D6AF1BB3510B0028D09C;
			remoteInfo = "Roster App HW 3";
		};
/* End PBXContainerItemProxy section */

/* Begin PBXFileReference section */
		110097B21BBFB4BE009D7E30 /* PersonDetailViewController.swift */ = {isa = PBXFileReference; fileEncoding = 4; lastKnownFileType = sourcecode.swift; path = PersonDetailViewController.swift; sourceTree = "<group>"; };
		1154D6B01BB3510B0028D09C /* Roster App HW 3.app */ = {isa = PBXFileReference; explicitFileType = wrapper.application; includeInIndex = 0; path = "Roster App HW 3.app"; sourceTree = BUILT_PRODUCTS_DIR; };
		1154D6B31BB3510B0028D09C /* AppDelegate.swift */ = {isa = PBXFileReference; lastKnownFileType = sourcecode.swift; path = AppDelegate.swift; sourceTree = "<group>"; };
		1154D6B51BB3510B0028D09C /* ViewControllerHw3.swift */ = {isa = PBXFileReference; lastKnownFileType = sourcecode.swift; path = ViewControllerHw3.swift; sourceTree = "<group>"; };
		1154D6B81BB3510B0028D09C /* Base */ = {isa = PBXFileReference; lastKnownFileType = file.storyboard; name = Base; path = Base.lproj/Main.storyboard; sourceTree = "<group>"; };
		1154D6BA1BB3510B0028D09C /* Assets.xcassets */ = {isa = PBXFileReference; lastKnownFileType = folder.assetcatalog; path = Assets.xcassets; sourceTree = "<group>"; };
		1154D6BD1BB3510B0028D09C /* Base */ = {isa = PBXFileReference; lastKnownFileType = file.storyboard; name = Base; path = Base.lproj/LaunchScreen.storyboard; sourceTree = "<group>"; };
		1154D6BF1BB3510B0028D09C /* Info.plist */ = {isa = PBXFileReference; lastKnownFileType = text.plist.xml; path = Info.plist; sourceTree = "<group>"; };
		1154D6C41BB3510B0028D09C /* Roster App HW 3Tests.xctest */ = {isa = PBXFileReference; explicitFileType = wrapper.cfbundle; includeInIndex = 0; path = "Roster App HW 3Tests.xctest"; sourceTree = BUILT_PRODUCTS_DIR; };
		1154D6C81BB3510B0028D09C /* Roster_App_HW_3Tests.swift */ = {isa = PBXFileReference; lastKnownFileType = sourcecode.swift; path = Roster_App_HW_3Tests.swift; sourceTree = "<group>"; };
		1154D6CA1BB3510B0028D09C /* Info.plist */ = {isa = PBXFileReference; lastKnownFileType = text.plist.xml; path = Info.plist; sourceTree = "<group>"; };
		1154D6CF1BB3510B0028D09C /* Roster App HW 3UITests.xctest */ = {isa = PBXFileReference; explicitFileType = wrapper.cfbundle; includeInIndex = 0; path = "Roster App HW 3UITests.xctest"; sourceTree = BUILT_PRODUCTS_DIR; };
		1154D6D31BB3510B0028D09C /* Roster_App_HW_3UITests.swift */ = {isa = PBXFileReference; lastKnownFileType = sourcecode.swift; path = Roster_App_HW_3UITests.swift; sourceTree = "<group>"; };
		1154D6D51BB3510B0028D09C /* Info.plist */ = {isa = PBXFileReference; lastKnownFileType = text.plist.xml; path = Info.plist; sourceTree = "<group>"; };
		11985D931BCCC9D2008BF49D /* PersonTableViewCell.swift */ = {isa = PBXFileReference; fileEncoding = 4; lastKnownFileType = sourcecode.swift; path = PersonTableViewCell.swift; sourceTree = "<group>"; };
		11985D9A1BCD5727008BF49D /* placeholder.png */ = {isa = PBXFileReference; lastKnownFileType = image.png; path = placeholder.png; sourceTree = "<group>"; };
		11985D9C1BCD5822008BF49D /* shop-01.jpg */ = {isa = PBXFileReference; lastKnownFileType = image.jpeg; path = "shop-01.jpg"; sourceTree = "<group>"; };
		11D0985B1BB5113E00817B21 /* ViewControllerHw2.swift */ = {isa = PBXFileReference; fileEncoding = 4; lastKnownFileType = sourcecode.swift; path = ViewControllerHw2.swift; sourceTree = "<group>"; };
		11EEC2ED1BBCA08E00DDDE0D /* ViewControllerHw4.swift */ = {isa = PBXFileReference; fileEncoding = 4; lastKnownFileType = sourcecode.swift; name = ViewControllerHw4.swift; path = ../ViewControllerHw4.swift; sourceTree = "<group>"; };
		11EEC2EF1BBCA64C00DDDE0D /* Person.swift */ = {isa = PBXFileReference; fileEncoding = 4; lastKnownFileType = sourcecode.swift; path = Person.swift; sourceTree = "<group>"; };
/* End PBXFileReference section */

/* Begin PBXFrameworksBuildPhase section */
		1154D6AD1BB3510B0028D09C /* Frameworks */ = {
			isa = PBXFrameworksBuildPhase;
			buildActionMask = 2147483647;
			files = (
			);
			runOnlyForDeploymentPostprocessing = 0;
		};
		1154D6C11BB3510B0028D09C /* Frameworks */ = {
			isa = PBXFrameworksBuildPhase;
			buildActionMask = 2147483647;
			files = (
			);
			runOnlyForDeploymentPostprocessing = 0;
		};
		1154D6CC1BB3510B0028D09C /* Frameworks */ = {
			isa = PBXFrameworksBuildPhase;
			buildActionMask = 2147483647;
			files = (
			);
			runOnlyForDeploymentPostprocessing = 0;
		};
/* End PBXFrameworksBuildPhase section */

/* Begin PBXGroup section */
		1154D6A71BB3510B0028D09C = {
			isa = PBXGroup;
			children = (
				1154D6B21BB3510B0028D09C /* Roster App HW 3 */,
				1154D6C71BB3510B0028D09C /* Roster App HW 3Tests */,
				1154D6D21BB3510B0028D09C /* Roster App HW 3UITests */,
				1154D6B11BB3510B0028D09C /* Products */,
			);
			sourceTree = "<group>";
		};
		1154D6B11BB3510B0028D09C /* Products */ = {
			isa = PBXGroup;
			children = (
				1154D6B01BB3510B0028D09C /* Roster App HW 3.app */,
				1154D6C41BB3510B0028D09C /* Roster App HW 3Tests.xctest */,
				1154D6CF1BB3510B0028D09C /* Roster App HW 3UITests.xctest */,
			);
			name = Products;
			sourceTree = "<group>";
		};
		1154D6B21BB3510B0028D09C /* Roster App HW 3 */ = {
			isa = PBXGroup;
			children = (
				1154D6B31BB3510B0028D09C /* AppDelegate.swift */,
				1154D6E31BB351730028D09C /* Models */,
				1154D6E21BB351610028D09C /* Views */,
				1154D6E11BB351510028D09C /* Controllers */,
				1154D6BA1BB3510B0028D09C /* Assets.xcassets */,
				1154D6BC1BB3510B0028D09C /* LaunchScreen.storyboard */,
				11985D971BCD5646008BF49D /* Supporting Files */,
			);
			path = "Roster App HW 3";
			sourceTree = "<group>";
		};
		1154D6C71BB3510B0028D09C /* Roster App HW 3Tests */ = {
			isa = PBXGroup;
			children = (
				1154D6C81BB3510B0028D09C /* Roster_App_HW_3Tests.swift */,
				1154D6CA1BB3510B0028D09C /* Info.plist */,
			);
			path = "Roster App HW 3Tests";
			sourceTree = "<group>";
		};
		1154D6D21BB3510B0028D09C /* Roster App HW 3UITests */ = {
			isa = PBXGroup;
			children = (
				1154D6D31BB3510B0028D09C /* Roster_App_HW_3UITests.swift */,
				1154D6D51BB3510B0028D09C /* Info.plist */,
			);
			path = "Roster App HW 3UITests";
			sourceTree = "<group>";
		};
		1154D6E11BB351510028D09C /* Controllers */ = {
			isa = PBXGroup;
			children = (
				11D0985B1BB5113E00817B21 /* ViewControllerHw2.swift */,
				1154D6B51BB3510B0028D09C /* ViewControllerHw3.swift */,
				11EEC2ED1BBCA08E00DDDE0D /* ViewControllerHw4.swift */,
				110097B21BBFB4BE009D7E30 /* PersonDetailViewController.swift */,
			);
			name = Controllers;
			sourceTree = "<group>";
		};
		1154D6E21BB351610028D09C /* Views */ = {
			isa = PBXGroup;
			children = (
				11985D931BCCC9D2008BF49D /* PersonTableViewCell.swift */,
				1154D6B71BB3510B0028D09C /* Main.storyboard */,
			);
			name = Views;
			sourceTree = "<group>";
		};
		1154D6E31BB351730028D09C /* Models */ = {
			isa = PBXGroup;
			children = (
				11EEC2EF1BBCA64C00DDDE0D /* Person.swift */,
			);
			name = Models;
			sourceTree = "<group>";
		};
		11985D971BCD5646008BF49D /* Supporting Files */ = {
			isa = PBXGroup;
			children = (
				11985D9C1BCD5822008BF49D /* shop-01.jpg */,
				11985D9A1BCD5727008BF49D /* placeholder.png */,
				1154D6BF1BB3510B0028D09C /* Info.plist */,
			);
			name = "Supporting Files";
			sourceTree = "<group>";
		};
/* End PBXGroup section */

/* Begin PBXNativeTarget section */
		1154D6AF1BB3510B0028D09C /* Roster App HW 3 */ = {
			isa = PBXNativeTarget;
			buildConfigurationList = 1154D6D81BB3510B0028D09C /* Build configuration list for PBXNativeTarget "Roster App HW 3" */;
			buildPhases = (
				1154D6AC1BB3510B0028D09C /* Sources */,
				1154D6AD1BB3510B0028D09C /* Frameworks */,
				1154D6AE1BB3510B0028D09C /* Resources */,
			);
			buildRules = (
			);
			dependencies = (
			);
			name = "Roster App HW 3";
			productName = "Roster App HW 3";
			productReference = 1154D6B01BB3510B0028D09C /* Roster App HW 3.app */;
			productType = "com.apple.product-type.application";
		};
		1154D6C31BB3510B0028D09C /* Roster App HW 3Tests */ = {
			isa = PBXNativeTarget;
			buildConfigurationList = 1154D6DB1BB3510B0028D09C /* Build configuration list for PBXNativeTarget "Roster App HW 3Tests" */;
			buildPhases = (
				1154D6C01BB3510B0028D09C /* Sources */,
				1154D6C11BB3510B0028D09C /* Frameworks */,
				1154D6C21BB3510B0028D09C /* Resources */,
			);
			buildRules = (
			);
			dependencies = (
				1154D6C61BB3510B0028D09C /* PBXTargetDependency */,
			);
			name = "Roster App HW 3Tests";
			productName = "Roster App HW 3Tests";
			productReference = 1154D6C41BB3510B0028D09C /* Roster App HW 3Tests.xctest */;
			productType = "com.apple.product-type.bundle.unit-test";
		};
		1154D6CE1BB3510B0028D09C /* Roster App HW 3UITests */ = {
			isa = PBXNativeTarget;
			buildConfigurationList = 1154D6DE1BB3510B0028D09C /* Build configuration list for PBXNativeTarget "Roster App HW 3UITests" */;
			buildPhases = (
				1154D6CB1BB3510B0028D09C /* Sources */,
				1154D6CC1BB3510B0028D09C /* Frameworks */,
				1154D6CD1BB3510B0028D09C /* Resources */,
			);
			buildRules = (
			);
			dependencies = (
				1154D6D11BB3510B0028D09C /* PBXTargetDependency */,
			);
			name = "Roster App HW 3UITests";
			productName = "Roster App HW 3UITests";
			productReference = 1154D6CF1BB3510B0028D09C /* Roster App HW 3UITests.xctest */;
			productType = "com.apple.product-type.bundle.ui-testing";
		};
/* End PBXNativeTarget section */

/* Begin PBXProject section */
		1154D6A81BB3510B0028D09C /* Project object */ = {
			isa = PBXProject;
			attributes = {
				LastUpgradeCheck = 0700;
				ORGANIZATIONNAME = "Cynthia Soto";
				TargetAttributes = {
					1154D6AF1BB3510B0028D09C = {
						CreatedOnToolsVersion = 7.0;
					};
					1154D6C31BB3510B0028D09C = {
						CreatedOnToolsVersion = 7.0;
						TestTargetID = 1154D6AF1BB3510B0028D09C;
					};
					1154D6CE1BB3510B0028D09C = {
						CreatedOnToolsVersion = 7.0;
						TestTargetID = 1154D6AF1BB3510B0028D09C;
					};
				};
			};
			buildConfigurationList = 1154D6AB1BB3510B0028D09C /* Build configuration list for PBXProject "Roster App HW 3" */;
			compatibilityVersion = "Xcode 3.2";
			developmentRegion = English;
			hasScannedForEncodings = 0;
			knownRegions = (
				en,
				Base,
			);
			mainGroup = 1154D6A71BB3510B0028D09C;
			productRefGroup = 1154D6B11BB3510B0028D09C /* Products */;
			projectDirPath = "";
			projectRoot = "";
			targets = (
				1154D6AF1BB3510B0028D09C /* Roster App HW 3 */,
				1154D6C31BB3510B0028D09C /* Roster App HW 3Tests */,
				1154D6CE1BB3510B0028D09C /* Roster App HW 3UITests */,
			);
		};
/* End PBXProject section */

/* Begin PBXResourcesBuildPhase section */
		1154D6AE1BB3510B0028D09C /* Resources */ = {
			isa = PBXResourcesBuildPhase;
			buildActionMask = 2147483647;
			files = (
				1154D6BE1BB3510B0028D09C /* LaunchScreen.storyboard in Resources */,
				11985D9B1BCD5727008BF49D /* placeholder.png in Resources */,
				1154D6BB1BB3510B0028D09C /* Assets.xcassets in Resources */,
				11985D9D1BCD5822008BF49D /* shop-01.jpg in Resources */,
				1154D6B91BB3510B0028D09C /* Main.storyboard in Resources */,
			);
			runOnlyForDeploymentPostprocessing = 0;
		};
		1154D6C21BB3510B0028D09C /* Resources */ = {
			isa = PBXResourcesBuildPhase;
			buildActionMask = 2147483647;
			files = (
			);
			runOnlyForDeploymentPostprocessing = 0;
		};
		1154D6CD1BB3510B0028D09C /* Resources */ = {
			isa = PBXResourcesBuildPhase;
			buildActionMask = 2147483647;
			files = (
			);
			runOnlyForDeploymentPostprocessing = 0;
		};
/* End PBXResourcesBuildPhase section */

/* Begin PBXSourcesBuildPhase section */
		1154D6AC1BB3510B0028D09C /* Sources */ = {
			isa = PBXSourcesBuildPhase;
			buildActionMask = 2147483647;
			files = (
				11EEC2F01BBCA64C00DDDE0D /* Person.swift in Sources */,
				11EEC2EE1BBCA08E00DDDE0D /* ViewControllerHw4.swift in Sources */,
				110097B31BBFB4BE009D7E30 /* PersonDetailViewController.swift in Sources */,
				1154D6B61BB3510B0028D09C /* ViewControllerHw3.swift in Sources */,
				1154D6B41BB3510B0028D09C /* AppDelegate.swift in Sources */,
				11985D941BCCC9D2008BF49D /* PersonTableViewCell.swift in Sources */,
				11D0985C1BB5113E00817B21 /* ViewControllerHw2.swift in Sources */,
			);
			runOnlyForDeploymentPostprocessing = 0;
		};
		1154D6C01BB3510B0028D09C /* Sources */ = {
			isa = PBXSourcesBuildPhase;
			buildActionMask = 2147483647;
			files = (
				1154D6C91BB3510B0028D09C /* Roster_App_HW_3Tests.swift in Sources */,
			);
			runOnlyForDeploymentPostprocessing = 0;
		};
		1154D6CB1BB3510B0028D09C /* Sources */ = {
			isa = PBXSourcesBuildPhase;
			buildActionMask = 2147483647;
			files = (
				1154D6D41BB3510B0028D09C /* Roster_App_HW_3UITests.swift in Sources */,
			);
			runOnlyForDeploymentPostprocessing = 0;
		};
/* End PBXSourcesBuildPhase section */

/* Begin PBXTargetDependency section */
		1154D6C61BB3510B0028D09C /* PBXTargetDependency */ = {
			isa = PBXTargetDependency;
			target = 1154D6AF1BB3510B0028D09C /* Roster App HW 3 */;
			targetProxy = 1154D6C51BB3510B0028D09C /* PBXContainerItemProxy */;
		};
		1154D6D11BB3510B0028D09C /* PBXTargetDependency */ = {
			isa = PBXTargetDependency;
			target = 1154D6AF1BB3510B0028D09C /* Roster App HW 3 */;
			targetProxy = 1154D6D01BB3510B0028D09C /* PBXContainerItemProxy */;
		};
/* End PBXTargetDependency section */

/* Begin PBXVariantGroup section */
		1154D6B71BB3510B0028D09C /* Main.storyboard */ = {
			isa = PBXVariantGroup;
			children = (
				1154D6B81BB3510B0028D09C /* Base */,
			);
			name = Main.storyboard;
			sourceTree = "<group>";
		};
		1154D6BC1BB3510B0028D09C /* LaunchScreen.storyboard */ = {
			isa = PBXVariantGroup;
			children = (
				1154D6BD1BB3510B0028D09C /* Base */,
			);
			name = LaunchScreen.storyboard;
			sourceTree = "<group>";
		};
/* End PBXVariantGroup section */

/* Begin XCBuildConfiguration section */
		1154D6D61BB3510B0028D09C /* Debug */ = {
			isa = XCBuildConfiguration;
			buildSettings = {
				ALWAYS_SEARCH_USER_PATHS = NO;
				CLANG_CXX_LANGUAGE_STANDARD = "gnu++0x";
				CLANG_CXX_LIBRARY = "libc++";
				CLANG_ENABLE_MODULES = YES;
				CLANG_ENABLE_OBJC_ARC = YES;
				CLANG_WARN_BOOL_CONVERSION = YES;
				CLANG_WARN_CONSTANT_CONVERSION = YES;
				CLANG_WARN_DIRECT_OBJC_ISA_USAGE = YES_ERROR;
				CLANG_WARN_EMPTY_BODY = YES;
				CLANG_WARN_ENUM_CONVERSION = YES;
				CLANG_WARN_INT_CONVERSION = YES;
				CLANG_WARN_OBJC_ROOT_CLASS = YES_ERROR;
				CLANG_WARN_UNREACHABLE_CODE = YES;
				CLANG_WARN__DUPLICATE_METHOD_MATCH = YES;
				"CODE_SIGN_IDENTITY[sdk=iphoneos*]" = "iPhone Developer";
				COPY_PHASE_STRIP = NO;
				DEBUG_INFORMATION_FORMAT = dwarf;
				ENABLE_STRICT_OBJC_MSGSEND = YES;
				ENABLE_TESTABILITY = YES;
				GCC_C_LANGUAGE_STANDARD = gnu99;
				GCC_DYNAMIC_NO_PIC = NO;
				GCC_NO_COMMON_BLOCKS = YES;
				GCC_OPTIMIZATION_LEVEL = 0;
				GCC_PREPROCESSOR_DEFINITIONS = (
					"DEBUG=1",
					"$(inherited)",
				);
				GCC_WARN_64_TO_32_BIT_CONVERSION = YES;
				GCC_WARN_ABOUT_RETURN_TYPE = YES_ERROR;
				GCC_WARN_UNDECLARED_SELECTOR = YES;
				GCC_WARN_UNINITIALIZED_AUTOS = YES_AGGRESSIVE;
				GCC_WARN_UNUSED_FUNCTION = YES;
				GCC_WARN_UNUSED_VARIABLE = YES;
				IPHONEOS_DEPLOYMENT_TARGET = 9.0;
				MTL_ENABLE_DEBUG_INFO = YES;
				ONLY_ACTIVE_ARCH = YES;
				SDKROOT = iphoneos;
				SWIFT_OPTIMIZATION_LEVEL = "-Onone";
				TARGETED_DEVICE_FAMILY = "1,2";
			};
			name = Debug;
		};
		1154D6D71BB3510B0028D09C /* Release */ = {
			isa = XCBuildConfiguration;
			buildSettings = {
				ALWAYS_SEARCH_USER_PATHS = NO;
				CLANG_CXX_LANGUAGE_STANDARD = "gnu++0x";
				CLANG_CXX_LIBRARY = "libc++";
				CLANG_ENABLE_MODULES = YES;
				CLANG_ENABLE_OBJC_ARC = YES;
				CLANG_WARN_BOOL_CONVERSION = YES;
				CLANG_WARN_CONSTANT_CONVERSION = YES;
				CLANG_WARN_DIRECT_OBJC_ISA_USAGE = YES_ERROR;
				CLANG_WARN_EMPTY_BODY = YES;
				CLANG_WARN_ENUM_CONVERSION = YES;
				CLANG_WARN_INT_CONVERSION = YES;
				CLANG_WARN_OBJC_ROOT_CLASS = YES_ERROR;
				CLANG_WARN_UNREACHABLE_CODE = YES;
				CLANG_WARN__DUPLICATE_METHOD_MATCH = YES;
				"CODE_SIGN_IDENTITY[sdk=iphoneos*]" = "iPhone Developer";
				COPY_PHASE_STRIP = NO;
				DEBUG_INFORMATION_FORMAT = "dwarf-with-dsym";
				ENABLE_NS_ASSERTIONS = NO;
				ENABLE_STRICT_OBJC_MSGSEND = YES;
				GCC_C_LANGUAGE_STANDARD = gnu99;
				GCC_NO_COMMON_BLOCKS = YES;
				GCC_WARN_64_TO_32_BIT_CONVERSION = YES;
				GCC_WARN_ABOUT_RETURN_TYPE = YES_ERROR;
				GCC_WARN_UNDECLARED_SELECTOR = YES;
				GCC_WARN_UNINITIALIZED_AUTOS = YES_AGGRESSIVE;
				GCC_WARN_UNUSED_FUNCTION = YES;
				GCC_WARN_UNUSED_VARIABLE = YES;
				IPHONEOS_DEPLOYMENT_TARGET = 9.0;
				MTL_ENABLE_DEBUG_INFO = NO;
				SDKROOT = iphoneos;
				TARGETED_DEVICE_FAMILY = "1,2";
				VALIDATE_PRODUCT = YES;
			};
			name = Release;
		};
		1154D6D91BB3510B0028D09C /* Debug */ = {
			isa = XCBuildConfiguration;
			buildSettings = {
				ASSETCATALOG_COMPILER_APPICON_NAME = AppIcon;
				INFOPLIST_FILE = "Roster App HW 3/Info.plist";
				LD_RUNPATH_SEARCH_PATHS = "$(inherited) @executable_path/Frameworks";
				PRODUCT_BUNDLE_IDENTIFIER = "CodeFellows.Roster-App-HW-3";
				PRODUCT_NAME = "$(TARGET_NAME)";
			};
			name = Debug;
		};
		1154D6DA1BB3510B0028D09C /* Release */ = {
			isa = XCBuildConfiguration;
			buildSettings = {
				ASSETCATALOG_COMPILER_APPICON_NAME = AppIcon;
				INFOPLIST_FILE = "Roster App HW 3/Info.plist";
				LD_RUNPATH_SEARCH_PATHS = "$(inherited) @executable_path/Frameworks";
				PRODUCT_BUNDLE_IDENTIFIER = "CodeFellows.Roster-App-HW-3";
				PRODUCT_NAME = "$(TARGET_NAME)";
			};
			name = Release;
		};
		1154D6DC1BB3510B0028D09C /* Debug */ = {
			isa = XCBuildConfiguration;
			buildSettings = {
				BUNDLE_LOADER = "$(TEST_HOST)";
				INFOPLIST_FILE = "Roster App HW 3Tests/Info.plist";
				LD_RUNPATH_SEARCH_PATHS = "$(inherited) @executable_path/Frameworks @loader_path/Frameworks";
				PRODUCT_BUNDLE_IDENTIFIER = "CodeFellows.Roster-App-HW-3Tests";
				PRODUCT_NAME = "$(TARGET_NAME)";
				TEST_HOST = "$(BUILT_PRODUCTS_DIR)/Roster App HW 3.app/Roster App HW 3";
			};
			name = Debug;
		};
		1154D6DD1BB3510B0028D09C /* Release */ = {
			isa = XCBuildConfiguration;
			buildSettings = {
				BUNDLE_LOADER = "$(TEST_HOST)";
				INFOPLIST_FILE = "Roster App HW 3Tests/Info.plist";
				LD_RUNPATH_SEARCH_PATHS = "$(inherited) @executable_path/Frameworks @loader_path/Frameworks";
				PRODUCT_BUNDLE_IDENTIFIER = "CodeFellows.Roster-App-HW-3Tests";
				PRODUCT_NAME = "$(TARGET_NAME)";
				TEST_HOST = "$(BUILT_PRODUCTS_DIR)/Roster App HW 3.app/Roster App HW 3";
			};
			name = Release;
		};
		1154D6DF1BB3510B0028D09C /* Debug */ = {
			isa = XCBuildConfiguration;
			buildSettings = {
				INFOPLIST_FILE = "Roster App HW 3UITests/Info.plist";
				LD_RUNPATH_SEARCH_PATHS = "$(inherited) @executable_path/Frameworks @loader_path/Frameworks";
				PRODUCT_BUNDLE_IDENTIFIER = "CodeFellows.Roster-App-HW-3UITests";
				PRODUCT_NAME = "$(TARGET_NAME)";
				TEST_TARGET_NAME = "Roster App HW 3";
				USES_XCTRUNNER = YES;
			};
			name = Debug;
		};
		1154D6E01BB3510B0028D09C /* Release */ = {
			isa = XCBuildConfiguration;
			buildSettings = {
				INFOPLIST_FILE = "Roster App HW 3UITests/Info.plist";
				LD_RUNPATH_SEARCH_PATHS = "$(inherited) @executable_path/Frameworks @loader_path/Frameworks";
				PRODUCT_BUNDLE_IDENTIFIER = "CodeFellows.Roster-App-HW-3UITests";
				PRODUCT_NAME = "$(TARGET_NAME)";
				TEST_TARGET_NAME = "Roster App HW 3";
				USES_XCTRUNNER = YES;
			};
			name = Release;
		};
/* End XCBuildConfiguration section */

/* Begin XCConfigurationList section */
		1154D6AB1BB3510B0028D09C /* Build configuration list for PBXProject "Roster App HW 3" */ = {
			isa = XCConfigurationList;
			buildConfigurations = (
				1154D6D61BB3510B0028D09C /* Debug */,
				1154D6D71BB3510B0028D09C /* Release */,
			);
			defaultConfigurationIsVisible = 0;
			defaultConfigurationName = Release;
		};
		1154D6D81BB3510B0028D09C /* Build configuration list for PBXNativeTarget "Roster App HW 3" */ = {
			isa = XCConfigurationList;
			buildConfigurations = (
				1154D6D91BB3510B0028D09C /* Debug */,
				1154D6DA1BB3510B0028D09C /* Release */,
			);
			defaultConfigurationIsVisible = 0;
			defaultConfigurationName = Release;
		};
		1154D6DB1BB3510B0028D09C /* Build configuration list for PBXNativeTarget "Roster App HW 3Tests" */ = {
			isa = XCConfigurationList;
			buildConfigurations = (
				1154D6DC1BB3510B0028D09C /* Debug */,
				1154D6DD1BB3510B0028D09C /* Release */,
			);
			defaultConfigurationIsVisible = 0;
			defaultConfigurationName = Release;
		};
		1154D6DE1BB3510B0028D09C /* Build configuration list for PBXNativeTarget "Roster App HW 3UITests" */ = {
			isa = XCConfigurationList;
			buildConfigurations = (
				1154D6DF1BB3510B0028D09C /* Debug */,
				1154D6E01BB3510B0028D09C /* Release */,
			);
			defaultConfigurationIsVisible = 0;
			defaultConfigurationName = Release;
		};
/* End XCConfigurationList section */
	};
	rootObject = 1154D6A81BB3510B0028D09C /* Project object */;
}
